
Microsoft Visual Studio Solution File, Format Version 12.00
# Visual Studio Version 17
VisualStudioVersion = 17.5.002.0
MinimumVisualStudioVersion = 10.0.40219.1
Project("{9A19103F-16F7-4668-BE54-9A1E7A4F7556}") = "YuGiOh", "YuGiOh.API\YuGiOh.API.csproj", "{6C877BC0-86C6-48CC-B522-81E195246B6E}"
EndProject
Project("{9A19103F-16F7-4668-BE54-9A1E7A4F7556}") = "YuGiOh.ApplicationCore", "YuGiOh.ApplicationCore\YuGiOh.ApplicationCore.csproj", "{CC823FD5-6831-4ACE-9DB2-97BEA23838DC}"
EndProject
Project("{9A19103F-16F7-4668-BE54-9A1E7A4F7556}") = "YuGiOh.Domain", "YuGiOh.Domain\YuGiOh.Domain.csproj", "{E8DB0EC2-7F45-471D-944B-2190E2C0343F}"
EndProject
Project("{9A19103F-16F7-4668-BE54-9A1E7A4F7556}") = "YuGiOh.Infrastructure", "YuGiOh.Infrastructure\YuGiOh.Infrastructure.csproj", "{CE8CD56F-BD2E-4DBA-A2A0-E187D3AE0CD4}"
EndProject
Project("{FAE04EC0-301F-11D3-BF4B-00C04F79EFBC}") = "YuGiOh.ApplicationServices", "YuGiOh.ApplicationServices\YuGiOh.ApplicationServices.csproj", "{25FBF8A9-9998-4633-A99E-E9A2886FE8F8}"
EndProject
Global
	GlobalSection(SolutionConfigurationPlatforms) = preSolution
		Debug|Any CPU = Debug|Any CPU
		Release|Any CPU = Release|Any CPU
	EndGlobalSection
	GlobalSection(ProjectConfigurationPlatforms) = postSolution
		{6C877BC0-86C6-48CC-B522-81E195246B6E}.Debug|Any CPU.ActiveCfg = Debug|Any CPU
		{6C877BC0-86C6-48CC-B522-81E195246B6E}.Debug|Any CPU.Build.0 = Debug|Any CPU
		{6C877BC0-86C6-48CC-B522-81E195246B6E}.Release|Any CPU.ActiveCfg = Release|Any CPU
		{6C877BC0-86C6-48CC-B522-81E195246B6E}.Release|Any CPU.Build.0 = Release|Any CPU
		{CC823FD5-6831-4ACE-9DB2-97BEA23838DC}.Debug|Any CPU.ActiveCfg = Debug|Any CPU
		{CC823FD5-6831-4ACE-9DB2-97BEA23838DC}.Debug|Any CPU.Build.0 = Debug|Any CPU
		{CC823FD5-6831-4ACE-9DB2-97BEA23838DC}.Release|Any CPU.ActiveCfg = Release|Any CPU
		{CC823FD5-6831-4ACE-9DB2-97BEA23838DC}.Release|Any CPU.Build.0 = Release|Any CPU
		{E8DB0EC2-7F45-471D-944B-2190E2C0343F}.Debug|Any CPU.ActiveCfg = Debug|Any CPU
		{E8DB0EC2-7F45-471D-944B-2190E2C0343F}.Debug|Any CPU.Build.0 = Debug|Any CPU
		{E8DB0EC2-7F45-471D-944B-2190E2C0343F}.Release|Any CPU.ActiveCfg = Release|Any CPU
		{E8DB0EC2-7F45-471D-944B-2190E2C0343F}.Release|Any CPU.Build.0 = Release|Any CPU
		{CE8CD56F-BD2E-4DBA-A2A0-E187D3AE0CD4}.Debug|Any CPU.ActiveCfg = Debug|Any CPU
		{CE8CD56F-BD2E-4DBA-A2A0-E187D3AE0CD4}.Debug|Any CPU.Build.0 = Debug|Any CPU
		{CE8CD56F-BD2E-4DBA-A2A0-E187D3AE0CD4}.Release|Any CPU.ActiveCfg = Release|Any CPU
		{CE8CD56F-BD2E-4DBA-A2A0-E187D3AE0CD4}.Release|Any CPU.Build.0 = Release|Any CPU
		{25FBF8A9-9998-4633-A99E-E9A2886FE8F8}.Debug|Any CPU.ActiveCfg = Debug|Any CPU
		{25FBF8A9-9998-4633-A99E-E9A2886FE8F8}.Debug|Any CPU.Build.0 = Debug|Any CPU
		{25FBF8A9-9998-4633-A99E-E9A2886FE8F8}.Release|Any CPU.ActiveCfg = Release|Any CPU
		{25FBF8A9-9998-4633-A99E-E9A2886FE8F8}.Release|Any CPU.Build.0 = Release|Any CPU
	EndGlobalSection
	GlobalSection(SolutionProperties) = preSolution
		HideSolutionNode = FALSE
	EndGlobalSection
	GlobalSection(ExtensibilityGlobals) = postSolution
		SolutionGuid = {F4F8932E-D017-4865-AB7F-A8BCC0BB96CC}
	EndGlobalSection
EndGlobal
